
Microsoft Visual Studio Solution File, Format Version 12.00
# Visual Studio Version 16
VisualStudioVersion = 16.0.30621.155
MinimumVisualStudioVersion = 10.0.40219.1
Project("{FAE04EC0-301F-11D3-BF4B-00C04F79EFBC}") = "OpenFoodApi", "OpenFoodApi.csproj", "{095A0D7B-FC20-4758-AEAB-A580C49231D0}"
EndProject
Global
	GlobalSection(SolutionConfigurationPlatforms) = preSolution
		Debug|Any CPU = Debug|Any CPU
		Release|Any CPU = Release|Any CPU
	EndGlobalSection
	GlobalSection(ProjectConfigurationPlatforms) = postSolution
		{095A0D7B-FC20-4758-AEAB-A580C49231D0}.Debug|Any CPU.ActiveCfg = Debug|Any CPU
		{095A0D7B-FC20-4758-AEAB-A580C49231D0}.Debug|Any CPU.Build.0 = Debug|Any CPU
		{095A0D7B-FC20-4758-AEAB-A580C49231D0}.Release|Any CPU.ActiveCfg = Release|Any CPU
		{095A0D7B-FC20-4758-AEAB-A580C49231D0}.Release|Any CPU.Build.0 = Release|Any CPU
	EndGlobalSection
	GlobalSection(SolutionProperties) = preSolution
		HideSolutionNode = FALSE
	EndGlobalSection
	GlobalSection(ExtensibilityGlobals) = postSolution
		SolutionGuid = {0CD19C09-8F7B-4C35-BEF1-6E986C6D16E3}
	EndGlobalSection
EndGlobal
